
Microsoft Visual Studio Solution File, Format Version 12.00
# Visual Studio Version 16
VisualStudioVersion = 16.0.30128.74
MinimumVisualStudioVersion = 10.0.40219.1
Project("{2150E333-8FDC-42A3-9474-1A3956D46DE8}") = "src", "src", "{D63451ED-6AA8-46E8-AB4E-7445F757366C}"
EndProject
Project("{9A19103F-16F7-4668-BE54-9A1E7A4F7556}") = "BookStore.Domain", "BookStore.Domain\BookStore.Domain.csproj", "{279B651D-67EB-443D-974B-DB46884535A9}"
EndProject
Project("{9A19103F-16F7-4668-BE54-9A1E7A4F7556}") = "BookStore.Application", "BookStore.Application\BookStore.Application.csproj", "{8185B67F-ECC1-44F3-AC4D-B14B8923DD21}"
EndProject
Project("{9A19103F-16F7-4668-BE54-9A1E7A4F7556}") = "BookStore.Infrastructure", "BookStore.Infrastructure\BookStore.Infrastructure.csproj", "{67721018-9A33-4D44-A206-F5362899A8EF}"
EndProject
Project("{9A19103F-16F7-4668-BE54-9A1E7A4F7556}") = "BookStore.WebApi", "BookStore.WebApi\BookStore.WebApi.csproj", "{A25FF0CC-71E2-4A01-A8C4-88FDBCE10614}"
EndProject
Project("{9A19103F-16F7-4668-BE54-9A1E7A4F7556}") = "BookStore.Persistence", "BookStore.Persistence\BookStore.Persistence.csproj", "{3F3A0B64-ABC4-4628-A6C3-2F6312622F72}"
EndProject
Project("{9A19103F-16F7-4668-BE54-9A1E7A4F7556}") = "BookStore.Common", "BookStore.Common\BookStore.Common.csproj", "{840774F9-BF38-4C92-B0E7-3F13795B472C}"
EndProject
Project("{2150E333-8FDC-42A3-9474-1A3956D46DE8}") = "Core", "Core", "{0608AD10-525C-408B-AFC2-76DFA72B4BCD}"
EndProject
Project("{2150E333-8FDC-42A3-9474-1A3956D46DE8}") = "Infrastructure", "Infrastructure", "{6901AD79-C84D-4FBE-898B-8CB6533030F5}"
EndProject
Project("{2150E333-8FDC-42A3-9474-1A3956D46DE8}") = "Presentation", "Presentation", "{03B47723-D742-4C58-B435-77D7544804F7}"
EndProject
Project("{2150E333-8FDC-42A3-9474-1A3956D46DE8}") = "test", "test", "{54AB6210-1C57-41C0-A195-6B9D084050CA}"
EndProject
Project("{9A19103F-16F7-4668-BE54-9A1E7A4F7556}") = "BookStore.Application.UnitTest", "BookStore.Application.UnitTest\BookStore.Application.UnitTest.csproj", "{00BABD27-348B-45DA-A31D-85968AC535D4}"
EndProject
Project("{FAE04EC0-301F-11D3-BF4B-00C04F79EFBC}") = "BookStore.Domain.UnitTest", "BookStore.Domain.UnitTest\BookStore.Domain.UnitTest.csproj", "{41D47A3D-F622-4C37-8EEF-2C50459C670B}"
EndProject
Project("{FAE04EC0-301F-11D3-BF4B-00C04F79EFBC}") = "BookStore.Persistence.IntegrationTest", "BookStore.Persistence.IntegrationTest\BookStore.Persistence.IntegrationTest.csproj", "{55676DDD-3F8F-4210-9254-28D44309F630}"
EndProject
Global
	GlobalSection(SolutionConfigurationPlatforms) = preSolution
		Debug|Any CPU = Debug|Any CPU
		Release|Any CPU = Release|Any CPU
	EndGlobalSection
	GlobalSection(ProjectConfigurationPlatforms) = postSolution
		{279B651D-67EB-443D-974B-DB46884535A9}.Debug|Any CPU.ActiveCfg = Debug|Any CPU
		{279B651D-67EB-443D-974B-DB46884535A9}.Debug|Any CPU.Build.0 = Debug|Any CPU
		{279B651D-67EB-443D-974B-DB46884535A9}.Release|Any CPU.ActiveCfg = Release|Any CPU
		{279B651D-67EB-443D-974B-DB46884535A9}.Release|Any CPU.Build.0 = Release|Any CPU
		{8185B67F-ECC1-44F3-AC4D-B14B8923DD21}.Debug|Any CPU.ActiveCfg = Debug|Any CPU
		{8185B67F-ECC1-44F3-AC4D-B14B8923DD21}.Debug|Any CPU.Build.0 = Debug|Any CPU
		{8185B67F-ECC1-44F3-AC4D-B14B8923DD21}.Release|Any CPU.ActiveCfg = Release|Any CPU
		{8185B67F-ECC1-44F3-AC4D-B14B8923DD21}.Release|Any CPU.Build.0 = Release|Any CPU
		{67721018-9A33-4D44-A206-F5362899A8EF}.Debug|Any CPU.ActiveCfg = Debug|Any CPU
		{67721018-9A33-4D44-A206-F5362899A8EF}.Debug|Any CPU.Build.0 = Debug|Any CPU
		{67721018-9A33-4D44-A206-F5362899A8EF}.Release|Any CPU.ActiveCfg = Release|Any CPU
		{67721018-9A33-4D44-A206-F5362899A8EF}.Release|Any CPU.Build.0 = Release|Any CPU
		{A25FF0CC-71E2-4A01-A8C4-88FDBCE10614}.Debug|Any CPU.ActiveCfg = Debug|Any CPU
		{A25FF0CC-71E2-4A01-A8C4-88FDBCE10614}.Debug|Any CPU.Build.0 = Debug|Any CPU
		{A25FF0CC-71E2-4A01-A8C4-88FDBCE10614}.Release|Any CPU.ActiveCfg = Release|Any CPU
		{A25FF0CC-71E2-4A01-A8C4-88FDBCE10614}.Release|Any CPU.Build.0 = Release|Any CPU
		{3F3A0B64-ABC4-4628-A6C3-2F6312622F72}.Debug|Any CPU.ActiveCfg = Debug|Any CPU
		{3F3A0B64-ABC4-4628-A6C3-2F6312622F72}.Debug|Any CPU.Build.0 = Debug|Any CPU
		{3F3A0B64-ABC4-4628-A6C3-2F6312622F72}.Release|Any CPU.ActiveCfg = Release|Any CPU
		{3F3A0B64-ABC4-4628-A6C3-2F6312622F72}.Release|Any CPU.Build.0 = Release|Any CPU
		{840774F9-BF38-4C92-B0E7-3F13795B472C}.Debug|Any CPU.ActiveCfg = Debug|Any CPU
		{840774F9-BF38-4C92-B0E7-3F13795B472C}.Debug|Any CPU.Build.0 = Debug|Any CPU
		{840774F9-BF38-4C92-B0E7-3F13795B472C}.Release|Any CPU.ActiveCfg = Release|Any CPU
		{840774F9-BF38-4C92-B0E7-3F13795B472C}.Release|Any CPU.Build.0 = Release|Any CPU
		{00BABD27-348B-45DA-A31D-85968AC535D4}.Debug|Any CPU.ActiveCfg = Debug|Any CPU
		{00BABD27-348B-45DA-A31D-85968AC535D4}.Debug|Any CPU.Build.0 = Debug|Any CPU
		{00BABD27-348B-45DA-A31D-85968AC535D4}.Release|Any CPU.ActiveCfg = Release|Any CPU
		{00BABD27-348B-45DA-A31D-85968AC535D4}.Release|Any CPU.Build.0 = Release|Any CPU
		{41D47A3D-F622-4C37-8EEF-2C50459C670B}.Debug|Any CPU.ActiveCfg = Debug|Any CPU
		{41D47A3D-F622-4C37-8EEF-2C50459C670B}.Debug|Any CPU.Build.0 = Debug|Any CPU
		{41D47A3D-F622-4C37-8EEF-2C50459C670B}.Release|Any CPU.ActiveCfg = Release|Any CPU
		{41D47A3D-F622-4C37-8EEF-2C50459C670B}.Release|Any CPU.Build.0 = Release|Any CPU
		{55676DDD-3F8F-4210-9254-28D44309F630}.Debug|Any CPU.ActiveCfg = Debug|Any CPU
		{55676DDD-3F8F-4210-9254-28D44309F630}.Debug|Any CPU.Build.0 = Debug|Any CPU
		{55676DDD-3F8F-4210-9254-28D44309F630}.Release|Any CPU.ActiveCfg = Release|Any CPU
		{55676DDD-3F8F-4210-9254-28D44309F630}.Release|Any CPU.Build.0 = Release|Any CPU
	EndGlobalSection
	GlobalSection(SolutionProperties) = preSolution
		HideSolutionNode = FALSE
	EndGlobalSection
	GlobalSection(NestedProjects) = preSolution
		{279B651D-67EB-443D-974B-DB46884535A9} = {0608AD10-525C-408B-AFC2-76DFA72B4BCD}
		{8185B67F-ECC1-44F3-AC4D-B14B8923DD21} = {0608AD10-525C-408B-AFC2-76DFA72B4BCD}
		{67721018-9A33-4D44-A206-F5362899A8EF} = {6901AD79-C84D-4FBE-898B-8CB6533030F5}
		{A25FF0CC-71E2-4A01-A8C4-88FDBCE10614} = {03B47723-D742-4C58-B435-77D7544804F7}
		{3F3A0B64-ABC4-4628-A6C3-2F6312622F72} = {6901AD79-C84D-4FBE-898B-8CB6533030F5}
		{840774F9-BF38-4C92-B0E7-3F13795B472C} = {0608AD10-525C-408B-AFC2-76DFA72B4BCD}
		{0608AD10-525C-408B-AFC2-76DFA72B4BCD} = {D63451ED-6AA8-46E8-AB4E-7445F757366C}
		{6901AD79-C84D-4FBE-898B-8CB6533030F5} = {D63451ED-6AA8-46E8-AB4E-7445F757366C}
		{03B47723-D742-4C58-B435-77D7544804F7} = {D63451ED-6AA8-46E8-AB4E-7445F757366C}
		{00BABD27-348B-45DA-A31D-85968AC535D4} = {54AB6210-1C57-41C0-A195-6B9D084050CA}
		{41D47A3D-F622-4C37-8EEF-2C50459C670B} = {54AB6210-1C57-41C0-A195-6B9D084050CA}
		{55676DDD-3F8F-4210-9254-28D44309F630} = {54AB6210-1C57-41C0-A195-6B9D084050CA}
	EndGlobalSection
	GlobalSection(ExtensibilityGlobals) = postSolution
		SolutionGuid = {08D2D3E4-EFDF-4A65-B44A-9B532DB612DB}
	EndGlobalSection
EndGlobal
